
Microsoft Visual Studio Solution File, Format Version 12.00
# Visual Studio Version 16
VisualStudioVersion = 16.0.30907.101
MinimumVisualStudioVersion = 10.0.40219.1
Project("{9A19103F-16F7-4668-BE54-9A1E7A4F7556}") = "BEProyectoFinal", "BETesisProyectoFinal\BEProyectoFinal.csproj", "{82E7A1DC-089A-47A8-97F2-34762A914AB8}"
EndProject
Global
	GlobalSection(SolutionConfigurationPlatforms) = preSolution
		Debug|Any CPU = Debug|Any CPU
		Release|Any CPU = Release|Any CPU
	EndGlobalSection
	GlobalSection(ProjectConfigurationPlatforms) = postSolution
		{82E7A1DC-089A-47A8-97F2-34762A914AB8}.Debug|Any CPU.ActiveCfg = Debug|Any CPU
		{82E7A1DC-089A-47A8-97F2-34762A914AB8}.Debug|Any CPU.Build.0 = Debug|Any CPU
		{82E7A1DC-089A-47A8-97F2-34762A914AB8}.Release|Any CPU.ActiveCfg = Release|Any CPU
		{82E7A1DC-089A-47A8-97F2-34762A914AB8}.Release|Any CPU.Build.0 = Release|Any CPU
	EndGlobalSection
	GlobalSection(SolutionProperties) = preSolution
		HideSolutionNode = FALSE
	EndGlobalSection
	GlobalSection(ExtensibilityGlobals) = postSolution
		SolutionGuid = {3527A49E-7463-46B6-AB67-CB5EB303FB9B}
	EndGlobalSection
EndGlobal
